
Microsoft Visual Studio Solution File, Format Version 12.00
# Visual Studio Version 16
VisualStudioVersion = 16.0.29721.120
MinimumVisualStudioVersion = 10.0.40219.1
Project("{FAE04EC0-301F-11D3-BF4B-00C04F79EFBC}") = "BlazorPOC.Client", "BlazorPOC.Client\BlazorPOC.Client.csproj", "{BE17213C-DA40-4B51-A9B8-EBC59F3FABDD}"
EndProject
Project("{FAE04EC0-301F-11D3-BF4B-00C04F79EFBC}") = "BlazorPOC.Server", "BlazorPOC.Server\BlazorPOC.Server.csproj", "{CE6EAFAC-22F2-449D-8B75-9CC38963E263}"
EndProject
Project("{FAE04EC0-301F-11D3-BF4B-00C04F79EFBC}") = "BlazorPOC.Shared", "BlazorPOC.Shared\BlazorPOC.Shared.csproj", "{F026BE70-74F5-4928-9877-3B3AA45FB45C}"
EndProject
Global
	GlobalSection(SolutionConfigurationPlatforms) = preSolution
		Debug|Any CPU = Debug|Any CPU
		Release|Any CPU = Release|Any CPU
	EndGlobalSection
	GlobalSection(ProjectConfigurationPlatforms) = postSolution
		{BE17213C-DA40-4B51-A9B8-EBC59F3FABDD}.Debug|Any CPU.ActiveCfg = Debug|Any CPU
		{BE17213C-DA40-4B51-A9B8-EBC59F3FABDD}.Debug|Any CPU.Build.0 = Debug|Any CPU
		{BE17213C-DA40-4B51-A9B8-EBC59F3FABDD}.Release|Any CPU.ActiveCfg = Release|Any CPU
		{BE17213C-DA40-4B51-A9B8-EBC59F3FABDD}.Release|Any CPU.Build.0 = Release|Any CPU
		{CE6EAFAC-22F2-449D-8B75-9CC38963E263}.Debug|Any CPU.ActiveCfg = Debug|Any CPU
		{CE6EAFAC-22F2-449D-8B75-9CC38963E263}.Debug|Any CPU.Build.0 = Debug|Any CPU
		{CE6EAFAC-22F2-449D-8B75-9CC38963E263}.Release|Any CPU.ActiveCfg = Release|Any CPU
		{CE6EAFAC-22F2-449D-8B75-9CC38963E263}.Release|Any CPU.Build.0 = Release|Any CPU
		{F026BE70-74F5-4928-9877-3B3AA45FB45C}.Debug|Any CPU.ActiveCfg = Debug|Any CPU
		{F026BE70-74F5-4928-9877-3B3AA45FB45C}.Debug|Any CPU.Build.0 = Debug|Any CPU
		{F026BE70-74F5-4928-9877-3B3AA45FB45C}.Release|Any CPU.ActiveCfg = Release|Any CPU
		{F026BE70-74F5-4928-9877-3B3AA45FB45C}.Release|Any CPU.Build.0 = Release|Any CPU
	EndGlobalSection
	GlobalSection(SolutionProperties) = preSolution
		HideSolutionNode = FALSE
	EndGlobalSection
	GlobalSection(ExtensibilityGlobals) = postSolution
		SolutionGuid = {56F0CDE0-4752-430E-B9DD-E7A94A901665}
	EndGlobalSection
EndGlobal
